<Solution>
  <Project Path="src/MediaEmbedKit.Mpv/MediaEmbedKit.Mpv.csproj" />
  <Project Path="src/MediaEmbedKit.Mpv.WinForms/MediaEmbedKit.Mpv.WinForms.csproj" />
  <Project Path="src/MediaEmbedKit.Mpv.Wpf/MediaEmbedKit.Mpv.Wpf.csproj" />
  <Project Path="src/MediaEmbedKit.Mpv.Avalonia/MediaEmbedKit.Mpv.Avalonia.csproj" />
  <Project Path="src/MediaEmbedKit.Mpv.WinUI/MediaEmbedKit.Mpv.WinUI.csproj" />
  <Project Path="src/MediaEmbedKit.Mpv.Maui/MediaEmbedKit.Mpv.Maui.csproj" />
  <Folder Name="/samples/">
    <Project Path="samples/WinFormsSample/MediaEmbedKit.Mpv.Samples.WinForms.csproj" />
    <Project Path="samples/WpfSample/MediaEmbedKit.Mpv.Samples.Wpf.csproj" />
    <Project Path="samples/AvaloniaSample/MediaEmbedKit.Mpv.Samples.Avalonia.csproj" />
    <Project Path="samples/WinUISample/MediaEmbedKit.Mpv.Samples.WinUI.csproj" />
    <Project Path="samples/MauiSample/MediaEmbedKit.Mpv.Samples.Maui.csproj" />
    <Project Path="samples/ConsoleMinimalSample/MediaEmbedKit.Mpv.Samples.ConsoleMinimal.csproj" />
  </Folder>
  <Folder Name="/tests/">
    <Project Path="tests/MediaEmbedKit.Mpv.Tests/MediaEmbedKit.Mpv.Tests.csproj" />
    <Project Path="tests/MediaEmbedKit.Mpv.IntegrationTests/MediaEmbedKit.Mpv.IntegrationTests.csproj" />
    <Project Path="tests/MediaEmbedKit.Mpv.PlaybackSmoke/MediaEmbedKit.Mpv.PlaybackSmoke.csproj" />
    <Project Path="tests/MediaEmbedKit.Mpv.StressTests/MediaEmbedKit.Mpv.StressTests.csproj" />
    <Project Path="tests/MediaEmbedKit.Mpv.SoakTests/MediaEmbedKit.Mpv.SoakTests.csproj" />
    <Project Path="tests/MediaEmbedKit.Mpv.Avalonia.HeadlessTests/MediaEmbedKit.Mpv.Avalonia.HeadlessTests.csproj" />
    <Project Path="tests/MediaEmbedKit.Mpv.Wpf.HeadlessTests/MediaEmbedKit.Mpv.Wpf.HeadlessTests.csproj" />
    <Project Path="tests/MediaEmbedKit.Mpv.WinForms.HeadlessTests/MediaEmbedKit.Mpv.WinForms.HeadlessTests.csproj" />
    <Project Path="tests/MediaEmbedKit.Mpv.WinUI.HeadlessTests/MediaEmbedKit.Mpv.WinUI.HeadlessTests.csproj" />
    <Project Path="tests/MediaEmbedKit.Mpv.Maui.HeadlessTests/MediaEmbedKit.Mpv.Maui.HeadlessTests.csproj" />
  </Folder>
  <Folder Name="/方案項目/">
    <File Path=".editorconfig" />
    <File Path=".gitignore" />
    <File Path="AGENTS.md" />
    <File Path="CLAUDE.md" />
    <File Path="Directory.Build.props" />
    <File Path="Directory.Packages.props" />
    <File Path="GEMINI.md" />
    <File Path="global.json" />
    <File Path="LICENSE" />
    <File Path="README.md" />
    <File Path="THIRD_PARTY_NOTICES.md" />
  </Folder>
  <Folder Name="/方案項目/.agents/skills/">
    <File Path=".agents/skills/libmpv-git-build-tracker/SKILL.md" />
    <File Path=".agents/skills/mediaembedkit-mpv/SKILL.md" />
  </Folder>
  <Folder Name="/方案項目/.claude/skills/">
    <File Path=".claude/skills/libmpv-git-build-tracker/SKILL.md" />
    <File Path=".claude/skills/mediaembedkit-mpv/SKILL.md" />
  </Folder>
  <Folder Name="/方案項目/.gemini/">
    <File Path=".gemini/settings.json" />
  </Folder>
  <Folder Name="/方案項目/.github/">
    <File Path=".github/copilot-instructions.md" />
  </Folder>
  <Folder Name="/方案項目/docs/">
    <File Path="docs/AI_AGENT_INTEGRATION.md" />
    <File Path="docs/CONSUMING_PACKAGES.md" />
    <File Path="docs/DESIGN_TIME_CHECKLIST.md" />
    <File Path="docs/ENGINEERING_STANDARDS.md" />
    <File Path="docs/LIBMPV_C_API_TEST_MATRIX.md" />
    <File Path="docs/PROJECT_SPEC.md" />
    <File Path="docs/REFERENCE_SOURCES.md" />
    <File Path="docs/RELEASE_CHECKLIST.md" />
    <File Path="docs/RUNTIME_ASSETS.md" />
    <File Path="docs/SUPPORT_MATRIX.md" />
    <File Path="docs/UI_BACKENDS.md" />
  </Folder>
  <Folder Name="/方案項目/docs/ai/">
    <File Path="docs/ai/AGENT_GUIDE.md" />
  </Folder>
  <Folder Name="/方案項目/docs/ai/skills/">
    <File Path="docs/ai/skills/libmpv-git-build-tracker.md" />
    <File Path="docs/ai/skills/mediaembedkit-mpv.md" />
  </Folder>
  <Folder Name="/方案項目/docs/runtime/">
    <File Path="docs/runtime/libmpv-git-builds.json" />
  </Folder>
  <Folder Name="/方案項目/tools/libmpv/">
    <File Path="tools/libmpv/Compare-LibMpvHeaders.ps1" />
    <File Path="tools/libmpv/Resolve-MpvGitBuild.ps1" />
    <File Path="tools/libmpv/Update-LibMpvGitBuildManifest.ps1" />
    <File Path="tools/libmpv/Verify-LibMpvArchive.ps1" />
  </Folder>
  <Folder Name="/方案項目/tools/">
    <File Path="tools/Bump-Version.ps1" />
    <File Path="tools/Invoke-ConsumerPackageValidation.ps1" />
    <File Path="tools/Invoke-GuiConsumerPlaybackValidation.ps1" />
    <File Path="tools/Invoke-GuiPlaybackStress.ps1" />
    <File Path="tools/Invoke-PackageValidation.ps1" />
    <File Path="tools/Invoke-PreReleaseValidation.ps1" />
  </Folder>
</Solution>
