<Solution>
  <Folder Name="/samples/">
    <Project Path="samples/AvaloniaSample/MediaEmbedKit.Mpv.Samples.Avalonia.csproj" />
    <Project Path="samples/WinFormsSample/MediaEmbedKit.Mpv.Samples.WinForms.csproj" />
    <Project Path="samples/WpfSample/MediaEmbedKit.Mpv.Samples.Wpf.csproj" />
    <Project Path="samples/WinUISample/MediaEmbedKit.Mpv.Samples.WinUI.csproj" />
    <Project Path="samples/MauiSample/MediaEmbedKit.Mpv.Samples.Maui.csproj" />
  </Folder>
  <Folder Name="/src/">
    <Project Path="src/MediaEmbedKit.Mpv.WinForms/MediaEmbedKit.Mpv.WinForms.csproj" />
    <Project Path="src/MediaEmbedKit.Mpv.Wpf/MediaEmbedKit.Mpv.Wpf.csproj" />
    <Project Path="src/MediaEmbedKit.Mpv.Avalonia/MediaEmbedKit.Mpv.Avalonia.csproj" />
    <Project Path="src/MediaEmbedKit.Mpv.WinUI/MediaEmbedKit.Mpv.WinUI.csproj" />
    <Project Path="src/MediaEmbedKit.Mpv.Maui/MediaEmbedKit.Mpv.Maui.csproj" />
    <Project Path="src/MediaEmbedKit.Mpv/MediaEmbedKit.Mpv.csproj" />
  </Folder>
</Solution>
